{
  "name": "semerlepresent",
  "version": "1.0.0",
  "lockfileVersion": 3,
  "requires": true,
  "packages": {
    "": {
      "name": "semerlepresent",
      "version": "1.0.0",
      "license": "ISC",
      "dependencies": {
        "semerlepresent": "file:"
      },
      "engines": {
        "node": "20.17.0",
        "npm": "9.0.0"
      }
    },
    "node_modules/semerlepresent": {
      "resolved": "",
      "link": true
    }
  }
}
